
Microsoft Visual Studio Solution File, Format Version 12.00
# Visual Studio 15
VisualStudioVersion = 15.0.28307.902
MinimumVisualStudioVersion = 10.0.40219.1
Project("{FAE04EC0-301F-11D3-BF4B-00C04F79EFBC}") = "aadhaar-offlinexml-verifier-console", "aadhaar-offlinexml-verifier-console\aadhaar-offlinexml-verifier-console.csproj", "{89E678D4-0300-4939-95FF-63CBB4244595}"
EndProject
Global
	GlobalSection(SolutionConfigurationPlatforms) = preSolution
		Debug|Any CPU = Debug|Any CPU
		Release|Any CPU = Release|Any CPU
	EndGlobalSection
	GlobalSection(ProjectConfigurationPlatforms) = postSolution
		{89E678D4-0300-4939-95FF-63CBB4244595}.Debug|Any CPU.ActiveCfg = Debug|Any CPU
		{89E678D4-0300-4939-95FF-63CBB4244595}.Debug|Any CPU.Build.0 = Debug|Any CPU
		{89E678D4-0300-4939-95FF-63CBB4244595}.Release|Any CPU.ActiveCfg = Release|Any CPU
		{89E678D4-0300-4939-95FF-63CBB4244595}.Release|Any CPU.Build.0 = Release|Any CPU
	EndGlobalSection
	GlobalSection(SolutionProperties) = preSolution
		HideSolutionNode = FALSE
	EndGlobalSection
	GlobalSection(ExtensibilityGlobals) = postSolution
		SolutionGuid = {DBA95299-D991-4A80-AC6A-58F07FDEDD8C}
	EndGlobalSection
EndGlobal
